
Microsoft Visual Studio Solution File, Format Version 12.00
# Visual Studio 14
VisualStudioVersion = 14.0.25420.1
MinimumVisualStudioVersion = 10.0.40219.1
Project("{FAE04EC0-301F-11D3-BF4B-00C04F79EFBC}") = "AlphaSafe.Droid", "AlphaSafe\AlphaSafe.Droid\AlphaSafe.Droid.csproj", "{A8AFAF47-3E89-4420-A8F4-08EC7E18E9AD}"
EndProject
Project("{FAE04EC0-301F-11D3-BF4B-00C04F79EFBC}") = "AlphaSafe.iOS", "AlphaSafe\AlphaSafe.iOS\AlphaSafe.iOS.csproj", "{299A6589-8F86-4B5F-9C4D-3E8909DD368B}"
EndProject
Project("{FAE04EC0-301F-11D3-BF4B-00C04F79EFBC}") = "AlphaSafe.WinPhone", "AlphaSafe\AlphaSafe.WinPhone\AlphaSafe.WinPhone.csproj", "{9A3226E8-667C-4277-8C8E-DE5C5474C055}"
EndProject
Project("{FAE04EC0-301F-11D3-BF4B-00C04F79EFBC}") = "AlphaSafe.UWP", "AlphaSafe\AlphaSafe.UWP\AlphaSafe.UWP.csproj", "{B0B6B5C5-C39F-4048-821E-9C9B40784969}"
EndProject
Project("{FAE04EC0-301F-11D3-BF4B-00C04F79EFBC}") = "AlphaSafe.Windows", "AlphaSafe\AlphaSafe.Windows\AlphaSafe.Windows.csproj", "{CB374C7F-B0C5-4A7E-98F7-79854B2F1696}"
EndProject
Project("{D954291E-2A0B-460D-934E-DC6B0785DB48}") = "AlphaSafe.Core", "AlphaSafe\AlphaSafe\AlphaSafe.Core.shproj", "{56427965-1412-4BBD-AF62-401001768CAA}"
EndProject
Project("{D954291E-2A0B-460D-934E-DC6B0785DB48}") = "AlphaSafe.UI.Desktop", "AlphaSafe.UI.Desktop\AlphaSafe.UI.Desktop.shproj", "{A0B5E412-6017-435A-B81B-EE94F5F5DFA7}"
EndProject
Project("{D954291E-2A0B-460D-934E-DC6B0785DB48}") = "AlphaSafe.UI.Mobile", "AlphaSafe.UI.Mobile\AlphaSafe.UI.Mobile.shproj", "{E56A591B-CEDF-4601-A7CF-78CECA081122}"
EndProject
Project("{2150E333-8FDC-42A3-9474-1A3956D46DE8}") = "Shared", "Shared", "{5A401D46-9979-4A19-B661-4708121DB130}"
EndProject
Project("{2150E333-8FDC-42A3-9474-1A3956D46DE8}") = "Systems", "Systems", "{7729FB74-C9F2-4024-8AEC-36B004D4B8EE}"
EndProject
Project("{D954291E-2A0B-460D-934E-DC6B0785DB48}") = "AlphaSafe.UI", "AlphaSafe.UI\AlphaSafe.UI.shproj", "{E363D83A-B516-4D9E-AF2E-4E51B3C22CAC}"
EndProject
Project("{2150E333-8FDC-42A3-9474-1A3956D46DE8}") = "SubModule", "SubModule", "{B990DD97-9583-49B0-B8DF-77DAF203A46A}"
EndProject
Project("{FAE04EC0-301F-11D3-BF4B-00C04F79EFBC}") = "AlphaCloudApi", "AlphaCloudApi\AlphaCloudApi\AlphaCloudApi.csproj", "{F9EC8B21-6A95-4334-B6E4-6B7FACF4CA26}"
EndProject
Project("{FAE04EC0-301F-11D3-BF4B-00C04F79EFBC}") = "Dropbox.Api.Portable", "Dropbox.Api\Dropbox.Api\Dropbox.Api.Portable.csproj", "{786C830F-07A1-408B-BD7F-6EE04809D6DB}"
EndProject
Global
	GlobalSection(SharedMSBuildProjectFiles) = preSolution
		AlphaSafe.UI.Desktop\AlphaSafe.UI.Desktop.projitems*{299a6589-8f86-4b5f-9c4d-3e8909dd368b}*SharedItemsImports = 4
		AlphaSafe.UI.Mobile\AlphaSafe.UI.Mobile.projitems*{299a6589-8f86-4b5f-9c4d-3e8909dd368b}*SharedItemsImports = 4
		AlphaSafe.UI\AlphaSafe.UI.projitems*{299a6589-8f86-4b5f-9c4d-3e8909dd368b}*SharedItemsImports = 4
		AlphaSafe\AlphaSafe\AlphaSafe.projitems*{299a6589-8f86-4b5f-9c4d-3e8909dd368b}*SharedItemsImports = 4
		AlphaSafe\AlphaSafe\AlphaSafe.projitems*{56427965-1412-4bbd-af62-401001768caa}*SharedItemsImports = 13
		AlphaSafe.UI.Desktop\AlphaSafe.UI.Desktop.projitems*{9a3226e8-667c-4277-8c8e-de5c5474c055}*SharedItemsImports = 4
		AlphaSafe.UI.Mobile\AlphaSafe.UI.Mobile.projitems*{9a3226e8-667c-4277-8c8e-de5c5474c055}*SharedItemsImports = 4
		AlphaSafe.UI\AlphaSafe.UI.projitems*{9a3226e8-667c-4277-8c8e-de5c5474c055}*SharedItemsImports = 4
		AlphaSafe\AlphaSafe\AlphaSafe.projitems*{9a3226e8-667c-4277-8c8e-de5c5474c055}*SharedItemsImports = 4
		AlphaSafe.UI.Desktop\AlphaSafe.UI.Desktop.projitems*{a0b5e412-6017-435a-b81b-ee94f5f5dfa7}*SharedItemsImports = 13
		AlphaSafe.UI.Desktop\AlphaSafe.UI.Desktop.projitems*{a8afaf47-3e89-4420-a8f4-08ec7e18e9ad}*SharedItemsImports = 4
		AlphaSafe.UI.Mobile\AlphaSafe.UI.Mobile.projitems*{a8afaf47-3e89-4420-a8f4-08ec7e18e9ad}*SharedItemsImports = 4
		AlphaSafe.UI\AlphaSafe.UI.projitems*{a8afaf47-3e89-4420-a8f4-08ec7e18e9ad}*SharedItemsImports = 4
		AlphaSafe\AlphaSafe\AlphaSafe.projitems*{a8afaf47-3e89-4420-a8f4-08ec7e18e9ad}*SharedItemsImports = 4
		AlphaSafe.UI.Desktop\AlphaSafe.UI.Desktop.projitems*{b0b6b5c5-c39f-4048-821e-9c9b40784969}*SharedItemsImports = 4
		AlphaSafe.UI.Mobile\AlphaSafe.UI.Mobile.projitems*{b0b6b5c5-c39f-4048-821e-9c9b40784969}*SharedItemsImports = 4
		AlphaSafe.UI\AlphaSafe.UI.projitems*{b0b6b5c5-c39f-4048-821e-9c9b40784969}*SharedItemsImports = 4
		AlphaSafe\AlphaSafe\AlphaSafe.projitems*{b0b6b5c5-c39f-4048-821e-9c9b40784969}*SharedItemsImports = 4
		AlphaSafe.UI.Desktop\AlphaSafe.UI.Desktop.projitems*{cb374c7f-b0c5-4a7e-98f7-79854b2f1696}*SharedItemsImports = 4
		AlphaSafe.UI\AlphaSafe.UI.projitems*{cb374c7f-b0c5-4a7e-98f7-79854b2f1696}*SharedItemsImports = 4
		AlphaSafe\AlphaSafe\AlphaSafe.projitems*{cb374c7f-b0c5-4a7e-98f7-79854b2f1696}*SharedItemsImports = 4
		AlphaSafe.UI\AlphaSafe.UI.projitems*{e363d83a-b516-4d9e-af2e-4e51b3c22cac}*SharedItemsImports = 13
		AlphaSafe.UI.Mobile\AlphaSafe.UI.Mobile.projitems*{e56a591b-cedf-4601-a7cf-78ceca081122}*SharedItemsImports = 13
	EndGlobalSection
	GlobalSection(SolutionConfigurationPlatforms) = preSolution
		Ad-Hoc|Any CPU = Ad-Hoc|Any CPU
		Ad-Hoc|ARM = Ad-Hoc|ARM
		Ad-Hoc|iPhone = Ad-Hoc|iPhone
		Ad-Hoc|iPhoneSimulator = Ad-Hoc|iPhoneSimulator
		Ad-Hoc|x64 = Ad-Hoc|x64
		Ad-Hoc|x86 = Ad-Hoc|x86
		AppStore|Any CPU = AppStore|Any CPU
		AppStore|ARM = AppStore|ARM
		AppStore|iPhone = AppStore|iPhone
		AppStore|iPhoneSimulator = AppStore|iPhoneSimulator
		AppStore|x64 = AppStore|x64
		AppStore|x86 = AppStore|x86
		Debug|Any CPU = Debug|Any CPU
		Debug|ARM = Debug|ARM
		Debug|iPhone = Debug|iPhone
		Debug|iPhoneSimulator = Debug|iPhoneSimulator
		Debug|x64 = Debug|x64
		Debug|x86 = Debug|x86
		Release|Any CPU = Release|Any CPU
		Release|ARM = Release|ARM
		Release|iPhone = Release|iPhone
		Release|iPhoneSimulator = Release|iPhoneSimulator
		Release|x64 = Release|x64
		Release|x86 = Release|x86
	EndGlobalSection
	GlobalSection(ProjectConfigurationPlatforms) = postSolution
		{A8AFAF47-3E89-4420-A8F4-08EC7E18E9AD}.Ad-Hoc|Any CPU.ActiveCfg = Release|Any CPU
		{A8AFAF47-3E89-4420-A8F4-08EC7E18E9AD}.Ad-Hoc|Any CPU.Build.0 = Release|Any CPU
		{A8AFAF47-3E89-4420-A8F4-08EC7E18E9AD}.Ad-Hoc|Any CPU.Deploy.0 = Release|Any CPU
		{A8AFAF47-3E89-4420-A8F4-08EC7E18E9AD}.Ad-Hoc|ARM.ActiveCfg = Release|Any CPU
		{A8AFAF47-3E89-4420-A8F4-08EC7E18E9AD}.Ad-Hoc|ARM.Build.0 = Release|Any CPU
		{A8AFAF47-3E89-4420-A8F4-08EC7E18E9AD}.Ad-Hoc|ARM.Deploy.0 = Release|Any CPU
		{A8AFAF47-3E89-4420-A8F4-08EC7E18E9AD}.Ad-Hoc|iPhone.ActiveCfg = Release|Any CPU
		{A8AFAF47-3E89-4420-A8F4-08EC7E18E9AD}.Ad-Hoc|iPhone.Build.0 = Release|Any CPU
		{A8AFAF47-3E89-4420-A8F4-08EC7E18E9AD}.Ad-Hoc|iPhone.Deploy.0 = Release|Any CPU
		{A8AFAF47-3E89-4420-A8F4-08EC7E18E9AD}.Ad-Hoc|iPhoneSimulator.ActiveCfg = Release|Any CPU
		{A8AFAF47-3E89-4420-A8F4-08EC7E18E9AD}.Ad-Hoc|iPhoneSimulator.Build.0 = Release|Any CPU
		{A8AFAF47-3E89-4420-A8F4-08EC7E18E9AD}.Ad-Hoc|iPhoneSimulator.Deploy.0 = Release|Any CPU
		{A8AFAF47-3E89-4420-A8F4-08EC7E18E9AD}.Ad-Hoc|x64.ActiveCfg = Release|Any CPU
		{A8AFAF47-3E89-4420-A8F4-08EC7E18E9AD}.Ad-Hoc|x64.Build.0 = Release|Any CPU
		{A8AFAF47-3E89-4420-A8F4-08EC7E18E9AD}.Ad-Hoc|x64.Deploy.0 = Release|Any CPU
		{A8AFAF47-3E89-4420-A8F4-08EC7E18E9AD}.Ad-Hoc|x86.ActiveCfg = Release|Any CPU
		{A8AFAF47-3E89-4420-A8F4-08EC7E18E9AD}.Ad-Hoc|x86.Build.0 = Release|Any CPU
		{A8AFAF47-3E89-4420-A8F4-08EC7E18E9AD}.Ad-Hoc|x86.Deploy.0 = Release|Any CPU
		{A8AFAF47-3E89-4420-A8F4-08EC7E18E9AD}.AppStore|Any CPU.ActiveCfg = Release|Any CPU
		{A8AFAF47-3E89-4420-A8F4-08EC7E18E9AD}.AppStore|Any CPU.Build.0 = Release|Any CPU
		{A8AFAF47-3E89-4420-A8F4-08EC7E18E9AD}.AppStore|Any CPU.Deploy.0 = Release|Any CPU
		{A8AFAF47-3E89-4420-A8F4-08EC7E18E9AD}.AppStore|ARM.ActiveCfg = Release|Any CPU
		{A8AFAF47-3E89-4420-A8F4-08EC7E18E9AD}.AppStore|ARM.Build.0 = Release|Any CPU
		{A8AFAF47-3E89-4420-A8F4-08EC7E18E9AD}.AppStore|ARM.Deploy.0 = Release|Any CPU
		{A8AFAF47-3E89-4420-A8F4-08EC7E18E9AD}.AppStore|iPhone.ActiveCfg = Release|Any CPU
		{A8AFAF47-3E89-4420-A8F4-08EC7E18E9AD}.AppStore|iPhone.Build.0 = Release|Any CPU
		{A8AFAF47-3E89-4420-A8F4-08EC7E18E9AD}.AppStore|iPhone.Deploy.0 = Release|Any CPU
		{A8AFAF47-3E89-4420-A8F4-08EC7E18E9AD}.AppStore|iPhoneSimulator.ActiveCfg = Release|Any CPU
		{A8AFAF47-3E89-4420-A8F4-08EC7E18E9AD}.AppStore|iPhoneSimulator.Build.0 = Release|Any CPU
		{A8AFAF47-3E89-4420-A8F4-08EC7E18E9AD}.AppStore|iPhoneSimulator.Deploy.0 = Release|Any CPU
		{A8AFAF47-3E89-4420-A8F4-08EC7E18E9AD}.AppStore|x64.ActiveCfg = Release|Any CPU
		{A8AFAF47-3E89-4420-A8F4-08EC7E18E9AD}.AppStore|x64.Build.0 = Release|Any CPU
		{A8AFAF47-3E89-4420-A8F4-08EC7E18E9AD}.AppStore|x64.Deploy.0 = Release|Any CPU
		{A8AFAF47-3E89-4420-A8F4-08EC7E18E9AD}.AppStore|x86.ActiveCfg = Release|Any CPU
		{A8AFAF47-3E89-4420-A8F4-08EC7E18E9AD}.AppStore|x86.Build.0 = Release|Any CPU
		{A8AFAF47-3E89-4420-A8F4-08EC7E18E9AD}.AppStore|x86.Deploy.0 = Release|Any CPU
		{A8AFAF47-3E89-4420-A8F4-08EC7E18E9AD}.Debug|Any CPU.ActiveCfg = Debug|Any CPU
		{A8AFAF47-3E89-4420-A8F4-08EC7E18E9AD}.Debug|Any CPU.Build.0 = Debug|Any CPU
		{A8AFAF47-3E89-4420-A8F4-08EC7E18E9AD}.Debug|Any CPU.Deploy.0 = Debug|Any CPU
		{A8AFAF47-3E89-4420-A8F4-08EC7E18E9AD}.Debug|ARM.ActiveCfg = Debug|Any CPU
		{A8AFAF47-3E89-4420-A8F4-08EC7E18E9AD}.Debug|ARM.Build.0 = Debug|Any CPU
		{A8AFAF47-3E89-4420-A8F4-08EC7E18E9AD}.Debug|ARM.Deploy.0 = Debug|Any CPU
		{A8AFAF47-3E89-4420-A8F4-08EC7E18E9AD}.Debug|iPhone.ActiveCfg = Debug|Any CPU
		{A8AFAF47-3E89-4420-A8F4-08EC7E18E9AD}.Debug|iPhone.Build.0 = Debug|Any CPU
		{A8AFAF47-3E89-4420-A8F4-08EC7E18E9AD}.Debug|iPhone.Deploy.0 = Debug|Any CPU
		{A8AFAF47-3E89-4420-A8F4-08EC7E18E9AD}.Debug|iPhoneSimulator.ActiveCfg = Debug|Any CPU
		{A8AFAF47-3E89-4420-A8F4-08EC7E18E9AD}.Debug|iPhoneSimulator.Build.0 = Debug|Any CPU
		{A8AFAF47-3E89-4420-A8F4-08EC7E18E9AD}.Debug|iPhoneSimulator.Deploy.0 = Debug|Any CPU
		{A8AFAF47-3E89-4420-A8F4-08EC7E18E9AD}.Debug|x64.ActiveCfg = Debug|Any CPU
		{A8AFAF47-3E89-4420-A8F4-08EC7E18E9AD}.Debug|x64.Build.0 = Debug|Any CPU
		{A8AFAF47-3E89-4420-A8F4-08EC7E18E9AD}.Debug|x64.Deploy.0 = Debug|Any CPU
		{A8AFAF47-3E89-4420-A8F4-08EC7E18E9AD}.Debug|x86.ActiveCfg = Debug|Any CPU
		{A8AFAF47-3E89-4420-A8F4-08EC7E18E9AD}.Debug|x86.Build.0 = Debug|Any CPU
		{A8AFAF47-3E89-4420-A8F4-08EC7E18E9AD}.Debug|x86.Deploy.0 = Debug|Any CPU
		{A8AFAF47-3E89-4420-A8F4-08EC7E18E9AD}.Release|Any CPU.ActiveCfg = Release|Any CPU
		{A8AFAF47-3E89-4420-A8F4-08EC7E18E9AD}.Release|Any CPU.Build.0 = Release|Any CPU
		{A8AFAF47-3E89-4420-A8F4-08EC7E18E9AD}.Release|Any CPU.Deploy.0 = Release|Any CPU
		{A8AFAF47-3E89-4420-A8F4-08EC7E18E9AD}.Release|ARM.ActiveCfg = Release|Any CPU
		{A8AFAF47-3E89-4420-A8F4-08EC7E18E9AD}.Release|ARM.Build.0 = Release|Any CPU
		{A8AFAF47-3E89-4420-A8F4-08EC7E18E9AD}.Release|ARM.Deploy.0 = Release|Any CPU
		{A8AFAF47-3E89-4420-A8F4-08EC7E18E9AD}.Release|iPhone.ActiveCfg = Release|Any CPU
		{A8AFAF47-3E89-4420-A8F4-08EC7E18E9AD}.Release|iPhone.Build.0 = Release|Any CPU
		{A8AFAF47-3E89-4420-A8F4-08EC7E18E9AD}.Release|iPhone.Deploy.0 = Release|Any CPU
		{A8AFAF47-3E89-4420-A8F4-08EC7E18E9AD}.Release|iPhoneSimulator.ActiveCfg = Release|Any CPU
		{A8AFAF47-3E89-4420-A8F4-08EC7E18E9AD}.Release|iPhoneSimulator.Build.0 = Release|Any CPU
		{A8AFAF47-3E89-4420-A8F4-08EC7E18E9AD}.Release|iPhoneSimulator.Deploy.0 = Release|Any CPU
		{A8AFAF47-3E89-4420-A8F4-08EC7E18E9AD}.Release|x64.ActiveCfg = Release|Any CPU
		{A8AFAF47-3E89-4420-A8F4-08EC7E18E9AD}.Release|x64.Build.0 = Release|Any CPU
		{A8AFAF47-3E89-4420-A8F4-08EC7E18E9AD}.Release|x64.Deploy.0 = Release|Any CPU
		{A8AFAF47-3E89-4420-A8F4-08EC7E18E9AD}.Release|x86.ActiveCfg = Release|Any CPU
		{A8AFAF47-3E89-4420-A8F4-08EC7E18E9AD}.Release|x86.Build.0 = Release|Any CPU
		{A8AFAF47-3E89-4420-A8F4-08EC7E18E9AD}.Release|x86.Deploy.0 = Release|Any CPU
		{299A6589-8F86-4B5F-9C4D-3E8909DD368B}.Ad-Hoc|Any CPU.ActiveCfg = Ad-Hoc|iPhone
		{299A6589-8F86-4B5F-9C4D-3E8909DD368B}.Ad-Hoc|ARM.ActiveCfg = Ad-Hoc|iPhone
		{299A6589-8F86-4B5F-9C4D-3E8909DD368B}.Ad-Hoc|iPhone.ActiveCfg = Ad-Hoc|iPhone
		{299A6589-8F86-4B5F-9C4D-3E8909DD368B}.Ad-Hoc|iPhone.Build.0 = Ad-Hoc|iPhone
		{299A6589-8F86-4B5F-9C4D-3E8909DD368B}.Ad-Hoc|iPhoneSimulator.ActiveCfg = Ad-Hoc|iPhoneSimulator
		{299A6589-8F86-4B5F-9C4D-3E8909DD368B}.Ad-Hoc|iPhoneSimulator.Build.0 = Ad-Hoc|iPhoneSimulator
		{299A6589-8F86-4B5F-9C4D-3E8909DD368B}.Ad-Hoc|x64.ActiveCfg = Ad-Hoc|iPhone
		{299A6589-8F86-4B5F-9C4D-3E8909DD368B}.Ad-Hoc|x86.ActiveCfg = Ad-Hoc|iPhone
		{299A6589-8F86-4B5F-9C4D-3E8909DD368B}.AppStore|Any CPU.ActiveCfg = AppStore|iPhone
		{299A6589-8F86-4B5F-9C4D-3E8909DD368B}.AppStore|ARM.ActiveCfg = AppStore|iPhone
		{299A6589-8F86-4B5F-9C4D-3E8909DD368B}.AppStore|iPhone.ActiveCfg = AppStore|iPhone
		{299A6589-8F86-4B5F-9C4D-3E8909DD368B}.AppStore|iPhone.Build.0 = AppStore|iPhone
		{299A6589-8F86-4B5F-9C4D-3E8909DD368B}.AppStore|iPhoneSimulator.ActiveCfg = AppStore|iPhoneSimulator
		{299A6589-8F86-4B5F-9C4D-3E8909DD368B}.AppStore|iPhoneSimulator.Build.0 = AppStore|iPhoneSimulator
		{299A6589-8F86-4B5F-9C4D-3E8909DD368B}.AppStore|x64.ActiveCfg = AppStore|iPhone
		{299A6589-8F86-4B5F-9C4D-3E8909DD368B}.AppStore|x86.ActiveCfg = AppStore|iPhone
		{299A6589-8F86-4B5F-9C4D-3E8909DD368B}.Debug|Any CPU.ActiveCfg = Debug|iPhone
		{299A6589-8F86-4B5F-9C4D-3E8909DD368B}.Debug|ARM.ActiveCfg = Debug|iPhone
		{299A6589-8F86-4B5F-9C4D-3E8909DD368B}.Debug|iPhone.ActiveCfg = Debug|iPhone
		{299A6589-8F86-4B5F-9C4D-3E8909DD368B}.Debug|iPhone.Build.0 = Debug|iPhone
		{299A6589-8F86-4B5F-9C4D-3E8909DD368B}.Debug|iPhoneSimulator.ActiveCfg = Debug|iPhoneSimulator
		{299A6589-8F86-4B5F-9C4D-3E8909DD368B}.Debug|iPhoneSimulator.Build.0 = Debug|iPhoneSimulator
		{299A6589-8F86-4B5F-9C4D-3E8909DD368B}.Debug|x64.ActiveCfg = Debug|iPhone
		{299A6589-8F86-4B5F-9C4D-3E8909DD368B}.Debug|x86.ActiveCfg = Debug|iPhone
		{299A6589-8F86-4B5F-9C4D-3E8909DD368B}.Release|Any CPU.ActiveCfg = Release|iPhone
		{299A6589-8F86-4B5F-9C4D-3E8909DD368B}.Release|ARM.ActiveCfg = Release|iPhone
		{299A6589-8F86-4B5F-9C4D-3E8909DD368B}.Release|iPhone.ActiveCfg = Release|iPhone
		{299A6589-8F86-4B5F-9C4D-3E8909DD368B}.Release|iPhone.Build.0 = Release|iPhone
		{299A6589-8F86-4B5F-9C4D-3E8909DD368B}.Release|iPhoneSimulator.ActiveCfg = Release|iPhoneSimulator
		{299A6589-8F86-4B5F-9C4D-3E8909DD368B}.Release|iPhoneSimulator.Build.0 = Release|iPhoneSimulator
		{299A6589-8F86-4B5F-9C4D-3E8909DD368B}.Release|x64.ActiveCfg = Release|iPhone
		{299A6589-8F86-4B5F-9C4D-3E8909DD368B}.Release|x86.ActiveCfg = Release|iPhone
		{9A3226E8-667C-4277-8C8E-DE5C5474C055}.Ad-Hoc|Any CPU.ActiveCfg = Release|Any CPU
		{9A3226E8-667C-4277-8C8E-DE5C5474C055}.Ad-Hoc|Any CPU.Build.0 = Release|Any CPU
		{9A3226E8-667C-4277-8C8E-DE5C5474C055}.Ad-Hoc|Any CPU.Deploy.0 = Release|Any CPU
		{9A3226E8-667C-4277-8C8E-DE5C5474C055}.Ad-Hoc|ARM.ActiveCfg = Release|ARM
		{9A3226E8-667C-4277-8C8E-DE5C5474C055}.Ad-Hoc|ARM.Build.0 = Release|ARM
		{9A3226E8-667C-4277-8C8E-DE5C5474C055}.Ad-Hoc|ARM.Deploy.0 = Release|ARM
		{9A3226E8-667C-4277-8C8E-DE5C5474C055}.Ad-Hoc|iPhone.ActiveCfg = Release|Any CPU
		{9A3226E8-667C-4277-8C8E-DE5C5474C055}.Ad-Hoc|iPhone.Build.0 = Release|Any CPU
		{9A3226E8-667C-4277-8C8E-DE5C5474C055}.Ad-Hoc|iPhone.Deploy.0 = Release|Any CPU
		{9A3226E8-667C-4277-8C8E-DE5C5474C055}.Ad-Hoc|iPhoneSimulator.ActiveCfg = Release|Any CPU
		{9A3226E8-667C-4277-8C8E-DE5C5474C055}.Ad-Hoc|iPhoneSimulator.Build.0 = Release|Any CPU
		{9A3226E8-667C-4277-8C8E-DE5C5474C055}.Ad-Hoc|iPhoneSimulator.Deploy.0 = Release|Any CPU
		{9A3226E8-667C-4277-8C8E-DE5C5474C055}.Ad-Hoc|x64.ActiveCfg = Release|Any CPU
		{9A3226E8-667C-4277-8C8E-DE5C5474C055}.Ad-Hoc|x64.Build.0 = Release|Any CPU
		{9A3226E8-667C-4277-8C8E-DE5C5474C055}.Ad-Hoc|x64.Deploy.0 = Release|Any CPU
		{9A3226E8-667C-4277-8C8E-DE5C5474C055}.Ad-Hoc|x86.ActiveCfg = Release|x86
		{9A3226E8-667C-4277-8C8E-DE5C5474C055}.Ad-Hoc|x86.Build.0 = Release|x86
		{9A3226E8-667C-4277-8C8E-DE5C5474C055}.Ad-Hoc|x86.Deploy.0 = Release|x86
		{9A3226E8-667C-4277-8C8E-DE5C5474C055}.AppStore|Any CPU.ActiveCfg = Release|Any CPU
		{9A3226E8-667C-4277-8C8E-DE5C5474C055}.AppStore|Any CPU.Build.0 = Release|Any CPU
		{9A3226E8-667C-4277-8C8E-DE5C5474C055}.AppStore|Any CPU.Deploy.0 = Release|Any CPU
		{9A3226E8-667C-4277-8C8E-DE5C5474C055}.AppStore|ARM.ActiveCfg = Release|ARM
		{9A3226E8-667C-4277-8C8E-DE5C5474C055}.AppStore|ARM.Build.0 = Release|ARM
		{9A3226E8-667C-4277-8C8E-DE5C5474C055}.AppStore|ARM.Deploy.0 = Release|ARM
		{9A3226E8-667C-4277-8C8E-DE5C5474C055}.AppStore|iPhone.ActiveCfg = Release|Any CPU
		{9A3226E8-667C-4277-8C8E-DE5C5474C055}.AppStore|iPhone.Build.0 = Release|Any CPU
		{9A3226E8-667C-4277-8C8E-DE5C5474C055}.AppStore|iPhone.Deploy.0 = Release|Any CPU
		{9A3226E8-667C-4277-8C8E-DE5C5474C055}.AppStore|iPhoneSimulator.ActiveCfg = Release|Any CPU
		{9A3226E8-667C-4277-8C8E-DE5C5474C055}.AppStore|iPhoneSimulator.Build.0 = Release|Any CPU
		{9A3226E8-667C-4277-8C8E-DE5C5474C055}.AppStore|iPhoneSimulator.Deploy.0 = Release|Any CPU
		{9A3226E8-667C-4277-8C8E-DE5C5474C055}.AppStore|x64.ActiveCfg = Release|Any CPU
		{9A3226E8-667C-4277-8C8E-DE5C5474C055}.AppStore|x64.Build.0 = Release|Any CPU
		{9A3226E8-667C-4277-8C8E-DE5C5474C055}.AppStore|x64.Deploy.0 = Release|Any CPU
		{9A3226E8-667C-4277-8C8E-DE5C5474C055}.AppStore|x86.ActiveCfg = Release|x86
		{9A3226E8-667C-4277-8C8E-DE5C5474C055}.AppStore|x86.Build.0 = Release|x86
		{9A3226E8-667C-4277-8C8E-DE5C5474C055}.AppStore|x86.Deploy.0 = Release|x86
		{9A3226E8-667C-4277-8C8E-DE5C5474C055}.Debug|Any CPU.ActiveCfg = Debug|Any CPU
		{9A3226E8-667C-4277-8C8E-DE5C5474C055}.Debug|Any CPU.Build.0 = Debug|Any CPU
		{9A3226E8-667C-4277-8C8E-DE5C5474C055}.Debug|Any CPU.Deploy.0 = Debug|Any CPU
		{9A3226E8-667C-4277-8C8E-DE5C5474C055}.Debug|ARM.ActiveCfg = Debug|ARM
		{9A3226E8-667C-4277-8C8E-DE5C5474C055}.Debug|ARM.Build.0 = Debug|ARM
		{9A3226E8-667C-4277-8C8E-DE5C5474C055}.Debug|ARM.Deploy.0 = Debug|ARM
		{9A3226E8-667C-4277-8C8E-DE5C5474C055}.Debug|iPhone.ActiveCfg = Debug|Any CPU
		{9A3226E8-667C-4277-8C8E-DE5C5474C055}.Debug|iPhone.Build.0 = Debug|Any CPU
		{9A3226E8-667C-4277-8C8E-DE5C5474C055}.Debug|iPhone.Deploy.0 = Debug|Any CPU
		{9A3226E8-667C-4277-8C8E-DE5C5474C055}.Debug|iPhoneSimulator.ActiveCfg = Debug|Any CPU
		{9A3226E8-667C-4277-8C8E-DE5C5474C055}.Debug|iPhoneSimulator.Build.0 = Debug|Any CPU
		{9A3226E8-667C-4277-8C8E-DE5C5474C055}.Debug|iPhoneSimulator.Deploy.0 = Debug|Any CPU
		{9A3226E8-667C-4277-8C8E-DE5C5474C055}.Debug|x64.ActiveCfg = Debug|Any CPU
		{9A3226E8-667C-4277-8C8E-DE5C5474C055}.Debug|x64.Build.0 = Debug|Any CPU
		{9A3226E8-667C-4277-8C8E-DE5C5474C055}.Debug|x64.Deploy.0 = Debug|Any CPU
		{9A3226E8-667C-4277-8C8E-DE5C5474C055}.Debug|x86.ActiveCfg = Debug|x86
		{9A3226E8-667C-4277-8C8E-DE5C5474C055}.Debug|x86.Build.0 = Debug|x86
		{9A3226E8-667C-4277-8C8E-DE5C5474C055}.Debug|x86.Deploy.0 = Debug|x86
		{9A3226E8-667C-4277-8C8E-DE5C5474C055}.Release|Any CPU.ActiveCfg = Release|Any CPU
		{9A3226E8-667C-4277-8C8E-DE5C5474C055}.Release|Any CPU.Build.0 = Release|Any CPU
		{9A3226E8-667C-4277-8C8E-DE5C5474C055}.Release|Any CPU.Deploy.0 = Release|Any CPU
		{9A3226E8-667C-4277-8C8E-DE5C5474C055}.Release|ARM.ActiveCfg = Release|ARM
		{9A3226E8-667C-4277-8C8E-DE5C5474C055}.Release|ARM.Build.0 = Release|ARM
		{9A3226E8-667C-4277-8C8E-DE5C5474C055}.Release|ARM.Deploy.0 = Release|ARM
		{9A3226E8-667C-4277-8C8E-DE5C5474C055}.Release|iPhone.ActiveCfg = Release|Any CPU
		{9A3226E8-667C-4277-8C8E-DE5C5474C055}.Release|iPhone.Build.0 = Release|Any CPU
		{9A3226E8-667C-4277-8C8E-DE5C5474C055}.Release|iPhone.Deploy.0 = Release|Any CPU
		{9A3226E8-667C-4277-8C8E-DE5C5474C055}.Release|iPhoneSimulator.ActiveCfg = Release|Any CPU
		{9A3226E8-667C-4277-8C8E-DE5C5474C055}.Release|iPhoneSimulator.Build.0 = Release|Any CPU
		{9A3226E8-667C-4277-8C8E-DE5C5474C055}.Release|iPhoneSimulator.Deploy.0 = Release|Any CPU
		{9A3226E8-667C-4277-8C8E-DE5C5474C055}.Release|x64.ActiveCfg = Release|Any CPU
		{9A3226E8-667C-4277-8C8E-DE5C5474C055}.Release|x64.Build.0 = Release|Any CPU
		{9A3226E8-667C-4277-8C8E-DE5C5474C055}.Release|x64.Deploy.0 = Release|Any CPU
		{9A3226E8-667C-4277-8C8E-DE5C5474C055}.Release|x86.ActiveCfg = Release|x86
		{9A3226E8-667C-4277-8C8E-DE5C5474C055}.Release|x86.Build.0 = Release|x86
		{9A3226E8-667C-4277-8C8E-DE5C5474C055}.Release|x86.Deploy.0 = Release|x86
		{B0B6B5C5-C39F-4048-821E-9C9B40784969}.Ad-Hoc|Any CPU.ActiveCfg = Release|x86
		{B0B6B5C5-C39F-4048-821E-9C9B40784969}.Ad-Hoc|Any CPU.Build.0 = Release|x86
		{B0B6B5C5-C39F-4048-821E-9C9B40784969}.Ad-Hoc|Any CPU.Deploy.0 = Release|x86
		{B0B6B5C5-C39F-4048-821E-9C9B40784969}.Ad-Hoc|ARM.ActiveCfg = Release|ARM
		{B0B6B5C5-C39F-4048-821E-9C9B40784969}.Ad-Hoc|ARM.Build.0 = Release|ARM
		{B0B6B5C5-C39F-4048-821E-9C9B40784969}.Ad-Hoc|ARM.Deploy.0 = Release|ARM
		{B0B6B5C5-C39F-4048-821E-9C9B40784969}.Ad-Hoc|iPhone.ActiveCfg = Release|x86
		{B0B6B5C5-C39F-4048-821E-9C9B40784969}.Ad-Hoc|iPhone.Build.0 = Release|x86
		{B0B6B5C5-C39F-4048-821E-9C9B40784969}.Ad-Hoc|iPhone.Deploy.0 = Release|x86
		{B0B6B5C5-C39F-4048-821E-9C9B40784969}.Ad-Hoc|iPhoneSimulator.ActiveCfg = Release|x86
		{B0B6B5C5-C39F-4048-821E-9C9B40784969}.Ad-Hoc|iPhoneSimulator.Build.0 = Release|x86
		{B0B6B5C5-C39F-4048-821E-9C9B40784969}.Ad-Hoc|iPhoneSimulator.Deploy.0 = Release|x86
		{B0B6B5C5-C39F-4048-821E-9C9B40784969}.Ad-Hoc|x64.ActiveCfg = Release|x64
		{B0B6B5C5-C39F-4048-821E-9C9B40784969}.Ad-Hoc|x64.Build.0 = Release|x64
		{B0B6B5C5-C39F-4048-821E-9C9B40784969}.Ad-Hoc|x64.Deploy.0 = Release|x64
		{B0B6B5C5-C39F-4048-821E-9C9B40784969}.Ad-Hoc|x86.ActiveCfg = Release|x86
		{B0B6B5C5-C39F-4048-821E-9C9B40784969}.Ad-Hoc|x86.Build.0 = Release|x86
		{B0B6B5C5-C39F-4048-821E-9C9B40784969}.Ad-Hoc|x86.Deploy.0 = Release|x86
		{B0B6B5C5-C39F-4048-821E-9C9B40784969}.AppStore|Any CPU.ActiveCfg = Release|x86
		{B0B6B5C5-C39F-4048-821E-9C9B40784969}.AppStore|Any CPU.Build.0 = Release|x86
		{B0B6B5C5-C39F-4048-821E-9C9B40784969}.AppStore|Any CPU.Deploy.0 = Release|x86
		{B0B6B5C5-C39F-4048-821E-9C9B40784969}.AppStore|ARM.ActiveCfg = Release|ARM
		{B0B6B5C5-C39F-4048-821E-9C9B40784969}.AppStore|ARM.Build.0 = Release|ARM
		{B0B6B5C5-C39F-4048-821E-9C9B40784969}.AppStore|ARM.Deploy.0 = Release|ARM
		{B0B6B5C5-C39F-4048-821E-9C9B40784969}.AppStore|iPhone.ActiveCfg = Release|x86
		{B0B6B5C5-C39F-4048-821E-9C9B40784969}.AppStore|iPhone.Build.0 = Release|x86
		{B0B6B5C5-C39F-4048-821E-9C9B40784969}.AppStore|iPhone.Deploy.0 = Release|x86
		{B0B6B5C5-C39F-4048-821E-9C9B40784969}.AppStore|iPhoneSimulator.ActiveCfg = Release|x86
		{B0B6B5C5-C39F-4048-821E-9C9B40784969}.AppStore|iPhoneSimulator.Build.0 = Release|x86
		{B0B6B5C5-C39F-4048-821E-9C9B40784969}.AppStore|iPhoneSimulator.Deploy.0 = Release|x86
		{B0B6B5C5-C39F-4048-821E-9C9B40784969}.AppStore|x64.ActiveCfg = Release|x64
		{B0B6B5C5-C39F-4048-821E-9C9B40784969}.AppStore|x64.Build.0 = Release|x64
		{B0B6B5C5-C39F-4048-821E-9C9B40784969}.AppStore|x64.Deploy.0 = Release|x64
		{B0B6B5C5-C39F-4048-821E-9C9B40784969}.AppStore|x86.ActiveCfg = Release|x86
		{B0B6B5C5-C39F-4048-821E-9C9B40784969}.AppStore|x86.Build.0 = Release|x86
		{B0B6B5C5-C39F-4048-821E-9C9B40784969}.AppStore|x86.Deploy.0 = Release|x86
		{B0B6B5C5-C39F-4048-821E-9C9B40784969}.Debug|Any CPU.ActiveCfg = Debug|x86
		{B0B6B5C5-C39F-4048-821E-9C9B40784969}.Debug|Any CPU.Build.0 = Debug|x86
		{B0B6B5C5-C39F-4048-821E-9C9B40784969}.Debug|Any CPU.Deploy.0 = Debug|x86
		{B0B6B5C5-C39F-4048-821E-9C9B40784969}.Debug|ARM.ActiveCfg = Debug|ARM
		{B0B6B5C5-C39F-4048-821E-9C9B40784969}.Debug|ARM.Build.0 = Debug|ARM
		{B0B6B5C5-C39F-4048-821E-9C9B40784969}.Debug|ARM.Deploy.0 = Debug|ARM
		{B0B6B5C5-C39F-4048-821E-9C9B40784969}.Debug|iPhone.ActiveCfg = Debug|x86
		{B0B6B5C5-C39F-4048-821E-9C9B40784969}.Debug|iPhoneSimulator.ActiveCfg = Debug|x86
		{B0B6B5C5-C39F-4048-821E-9C9B40784969}.Debug|x64.ActiveCfg = Debug|x64
		{B0B6B5C5-C39F-4048-821E-9C9B40784969}.Debug|x64.Build.0 = Debug|x64
		{B0B6B5C5-C39F-4048-821E-9C9B40784969}.Debug|x64.Deploy.0 = Debug|x64
		{B0B6B5C5-C39F-4048-821E-9C9B40784969}.Debug|x86.ActiveCfg = Debug|x86
		{B0B6B5C5-C39F-4048-821E-9C9B40784969}.Debug|x86.Build.0 = Debug|x86
		{B0B6B5C5-C39F-4048-821E-9C9B40784969}.Debug|x86.Deploy.0 = Debug|x86
		{B0B6B5C5-C39F-4048-821E-9C9B40784969}.Release|Any CPU.ActiveCfg = Release|x86
		{B0B6B5C5-C39F-4048-821E-9C9B40784969}.Release|Any CPU.Build.0 = Release|x86
		{B0B6B5C5-C39F-4048-821E-9C9B40784969}.Release|Any CPU.Deploy.0 = Release|x86
		{B0B6B5C5-C39F-4048-821E-9C9B40784969}.Release|ARM.ActiveCfg = Release|ARM
		{B0B6B5C5-C39F-4048-821E-9C9B40784969}.Release|ARM.Build.0 = Release|ARM
		{B0B6B5C5-C39F-4048-821E-9C9B40784969}.Release|ARM.Deploy.0 = Release|ARM
		{B0B6B5C5-C39F-4048-821E-9C9B40784969}.Release|iPhone.ActiveCfg = Release|x86
		{B0B6B5C5-C39F-4048-821E-9C9B40784969}.Release|iPhoneSimulator.ActiveCfg = Release|x86
		{B0B6B5C5-C39F-4048-821E-9C9B40784969}.Release|x64.ActiveCfg = Release|x64
		{B0B6B5C5-C39F-4048-821E-9C9B40784969}.Release|x64.Build.0 = Release|x64
		{B0B6B5C5-C39F-4048-821E-9C9B40784969}.Release|x64.Deploy.0 = Release|x64
		{B0B6B5C5-C39F-4048-821E-9C9B40784969}.Release|x86.ActiveCfg = Release|x86
		{B0B6B5C5-C39F-4048-821E-9C9B40784969}.Release|x86.Build.0 = Release|x86
		{B0B6B5C5-C39F-4048-821E-9C9B40784969}.Release|x86.Deploy.0 = Release|x86
		{CB374C7F-B0C5-4A7E-98F7-79854B2F1696}.Ad-Hoc|Any CPU.ActiveCfg = Release|Any CPU
		{CB374C7F-B0C5-4A7E-98F7-79854B2F1696}.Ad-Hoc|Any CPU.Build.0 = Release|Any CPU
		{CB374C7F-B0C5-4A7E-98F7-79854B2F1696}.Ad-Hoc|Any CPU.Deploy.0 = Release|Any CPU
		{CB374C7F-B0C5-4A7E-98F7-79854B2F1696}.Ad-Hoc|ARM.ActiveCfg = Release|ARM
		{CB374C7F-B0C5-4A7E-98F7-79854B2F1696}.Ad-Hoc|ARM.Build.0 = Release|ARM
		{CB374C7F-B0C5-4A7E-98F7-79854B2F1696}.Ad-Hoc|ARM.Deploy.0 = Release|ARM
		{CB374C7F-B0C5-4A7E-98F7-79854B2F1696}.Ad-Hoc|iPhone.ActiveCfg = Release|Any CPU
		{CB374C7F-B0C5-4A7E-98F7-79854B2F1696}.Ad-Hoc|iPhone.Build.0 = Release|Any CPU
		{CB374C7F-B0C5-4A7E-98F7-79854B2F1696}.Ad-Hoc|iPhone.Deploy.0 = Release|Any CPU
		{CB374C7F-B0C5-4A7E-98F7-79854B2F1696}.Ad-Hoc|iPhoneSimulator.ActiveCfg = Release|Any CPU
		{CB374C7F-B0C5-4A7E-98F7-79854B2F1696}.Ad-Hoc|iPhoneSimulator.Build.0 = Release|Any CPU
		{CB374C7F-B0C5-4A7E-98F7-79854B2F1696}.Ad-Hoc|iPhoneSimulator.Deploy.0 = Release|Any CPU
		{CB374C7F-B0C5-4A7E-98F7-79854B2F1696}.Ad-Hoc|x64.ActiveCfg = Release|x64
		{CB374C7F-B0C5-4A7E-98F7-79854B2F1696}.Ad-Hoc|x64.Build.0 = Release|x64
		{CB374C7F-B0C5-4A7E-98F7-79854B2F1696}.Ad-Hoc|x64.Deploy.0 = Release|x64
		{CB374C7F-B0C5-4A7E-98F7-79854B2F1696}.Ad-Hoc|x86.ActiveCfg = Release|x86
		{CB374C7F-B0C5-4A7E-98F7-79854B2F1696}.Ad-Hoc|x86.Build.0 = Release|x86
		{CB374C7F-B0C5-4A7E-98F7-79854B2F1696}.Ad-Hoc|x86.Deploy.0 = Release|x86
		{CB374C7F-B0C5-4A7E-98F7-79854B2F1696}.AppStore|Any CPU.ActiveCfg = Release|Any CPU
		{CB374C7F-B0C5-4A7E-98F7-79854B2F1696}.AppStore|Any CPU.Build.0 = Release|Any CPU
		{CB374C7F-B0C5-4A7E-98F7-79854B2F1696}.AppStore|Any CPU.Deploy.0 = Release|Any CPU
		{CB374C7F-B0C5-4A7E-98F7-79854B2F1696}.AppStore|ARM.ActiveCfg = Release|ARM
		{CB374C7F-B0C5-4A7E-98F7-79854B2F1696}.AppStore|ARM.Build.0 = Release|ARM
		{CB374C7F-B0C5-4A7E-98F7-79854B2F1696}.AppStore|ARM.Deploy.0 = Release|ARM
		{CB374C7F-B0C5-4A7E-98F7-79854B2F1696}.AppStore|iPhone.ActiveCfg = Release|Any CPU
		{CB374C7F-B0C5-4A7E-98F7-79854B2F1696}.AppStore|iPhone.Build.0 = Release|Any CPU
		{CB374C7F-B0C5-4A7E-98F7-79854B2F1696}.AppStore|iPhone.Deploy.0 = Release|Any CPU
		{CB374C7F-B0C5-4A7E-98F7-79854B2F1696}.AppStore|iPhoneSimulator.ActiveCfg = Release|Any CPU
		{CB374C7F-B0C5-4A7E-98F7-79854B2F1696}.AppStore|iPhoneSimulator.Build.0 = Release|Any CPU
		{CB374C7F-B0C5-4A7E-98F7-79854B2F1696}.AppStore|iPhoneSimulator.Deploy.0 = Release|Any CPU
		{CB374C7F-B0C5-4A7E-98F7-79854B2F1696}.AppStore|x64.ActiveCfg = Release|x64
		{CB374C7F-B0C5-4A7E-98F7-79854B2F1696}.AppStore|x64.Build.0 = Release|x64
		{CB374C7F-B0C5-4A7E-98F7-79854B2F1696}.AppStore|x64.Deploy.0 = Release|x64
		{CB374C7F-B0C5-4A7E-98F7-79854B2F1696}.AppStore|x86.ActiveCfg = Release|x86
		{CB374C7F-B0C5-4A7E-98F7-79854B2F1696}.AppStore|x86.Build.0 = Release|x86
		{CB374C7F-B0C5-4A7E-98F7-79854B2F1696}.AppStore|x86.Deploy.0 = Release|x86
		{CB374C7F-B0C5-4A7E-98F7-79854B2F1696}.Debug|Any CPU.ActiveCfg = Debug|Any CPU
		{CB374C7F-B0C5-4A7E-98F7-79854B2F1696}.Debug|Any CPU.Build.0 = Debug|Any CPU
		{CB374C7F-B0C5-4A7E-98F7-79854B2F1696}.Debug|Any CPU.Deploy.0 = Debug|Any CPU
		{CB374C7F-B0C5-4A7E-98F7-79854B2F1696}.Debug|ARM.ActiveCfg = Debug|ARM
		{CB374C7F-B0C5-4A7E-98F7-79854B2F1696}.Debug|ARM.Build.0 = Debug|ARM
		{CB374C7F-B0C5-4A7E-98F7-79854B2F1696}.Debug|ARM.Deploy.0 = Debug|ARM
		{CB374C7F-B0C5-4A7E-98F7-79854B2F1696}.Debug|iPhone.ActiveCfg = Debug|Any CPU
		{CB374C7F-B0C5-4A7E-98F7-79854B2F1696}.Debug|iPhone.Build.0 = Debug|Any CPU
		{CB374C7F-B0C5-4A7E-98F7-79854B2F1696}.Debug|iPhone.Deploy.0 = Debug|Any CPU
		{CB374C7F-B0C5-4A7E-98F7-79854B2F1696}.Debug|iPhoneSimulator.ActiveCfg = Debug|Any CPU
		{CB374C7F-B0C5-4A7E-98F7-79854B2F1696}.Debug|iPhoneSimulator.Build.0 = Debug|Any CPU
		{CB374C7F-B0C5-4A7E-98F7-79854B2F1696}.Debug|iPhoneSimulator.Deploy.0 = Debug|Any CPU
		{CB374C7F-B0C5-4A7E-98F7-79854B2F1696}.Debug|x64.ActiveCfg = Debug|x64
		{CB374C7F-B0C5-4A7E-98F7-79854B2F1696}.Debug|x64.Build.0 = Debug|x64
		{CB374C7F-B0C5-4A7E-98F7-79854B2F1696}.Debug|x64.Deploy.0 = Debug|x64
		{CB374C7F-B0C5-4A7E-98F7-79854B2F1696}.Debug|x86.ActiveCfg = Debug|x86
		{CB374C7F-B0C5-4A7E-98F7-79854B2F1696}.Debug|x86.Build.0 = Debug|x86
		{CB374C7F-B0C5-4A7E-98F7-79854B2F1696}.Debug|x86.Deploy.0 = Debug|x86
		{CB374C7F-B0C5-4A7E-98F7-79854B2F1696}.Release|Any CPU.ActiveCfg = Release|Any CPU
		{CB374C7F-B0C5-4A7E-98F7-79854B2F1696}.Release|Any CPU.Build.0 = Release|Any CPU
		{CB374C7F-B0C5-4A7E-98F7-79854B2F1696}.Release|Any CPU.Deploy.0 = Release|Any CPU
		{CB374C7F-B0C5-4A7E-98F7-79854B2F1696}.Release|ARM.ActiveCfg = Release|ARM
		{CB374C7F-B0C5-4A7E-98F7-79854B2F1696}.Release|ARM.Build.0 = Release|ARM
		{CB374C7F-B0C5-4A7E-98F7-79854B2F1696}.Release|ARM.Deploy.0 = Release|ARM
		{CB374C7F-B0C5-4A7E-98F7-79854B2F1696}.Release|iPhone.ActiveCfg = Release|Any CPU
		{CB374C7F-B0C5-4A7E-98F7-79854B2F1696}.Release|iPhone.Build.0 = Release|Any CPU
		{CB374C7F-B0C5-4A7E-98F7-79854B2F1696}.Release|iPhone.Deploy.0 = Release|Any CPU
		{CB374C7F-B0C5-4A7E-98F7-79854B2F1696}.Release|iPhoneSimulator.ActiveCfg = Release|Any CPU
		{CB374C7F-B0C5-4A7E-98F7-79854B2F1696}.Release|iPhoneSimulator.Build.0 = Release|Any CPU
		{CB374C7F-B0C5-4A7E-98F7-79854B2F1696}.Release|iPhoneSimulator.Deploy.0 = Release|Any CPU
		{CB374C7F-B0C5-4A7E-98F7-79854B2F1696}.Release|x64.ActiveCfg = Release|x64
		{CB374C7F-B0C5-4A7E-98F7-79854B2F1696}.Release|x64.Build.0 = Release|x64
		{CB374C7F-B0C5-4A7E-98F7-79854B2F1696}.Release|x64.Deploy.0 = Release|x64
		{CB374C7F-B0C5-4A7E-98F7-79854B2F1696}.Release|x86.ActiveCfg = Release|x86
		{CB374C7F-B0C5-4A7E-98F7-79854B2F1696}.Release|x86.Build.0 = Release|x86
		{CB374C7F-B0C5-4A7E-98F7-79854B2F1696}.Release|x86.Deploy.0 = Release|x86
		{F9EC8B21-6A95-4334-B6E4-6B7FACF4CA26}.Ad-Hoc|Any CPU.ActiveCfg = Release|Any CPU
		{F9EC8B21-6A95-4334-B6E4-6B7FACF4CA26}.Ad-Hoc|Any CPU.Build.0 = Release|Any CPU
		{F9EC8B21-6A95-4334-B6E4-6B7FACF4CA26}.Ad-Hoc|ARM.ActiveCfg = Release|Any CPU
		{F9EC8B21-6A95-4334-B6E4-6B7FACF4CA26}.Ad-Hoc|ARM.Build.0 = Release|Any CPU
		{F9EC8B21-6A95-4334-B6E4-6B7FACF4CA26}.Ad-Hoc|iPhone.ActiveCfg = Release|Any CPU
		{F9EC8B21-6A95-4334-B6E4-6B7FACF4CA26}.Ad-Hoc|iPhone.Build.0 = Release|Any CPU
		{F9EC8B21-6A95-4334-B6E4-6B7FACF4CA26}.Ad-Hoc|iPhoneSimulator.ActiveCfg = Release|Any CPU
		{F9EC8B21-6A95-4334-B6E4-6B7FACF4CA26}.Ad-Hoc|iPhoneSimulator.Build.0 = Release|Any CPU
		{F9EC8B21-6A95-4334-B6E4-6B7FACF4CA26}.Ad-Hoc|x64.ActiveCfg = Release|Any CPU
		{F9EC8B21-6A95-4334-B6E4-6B7FACF4CA26}.Ad-Hoc|x64.Build.0 = Release|Any CPU
		{F9EC8B21-6A95-4334-B6E4-6B7FACF4CA26}.Ad-Hoc|x86.ActiveCfg = Release|Any CPU
		{F9EC8B21-6A95-4334-B6E4-6B7FACF4CA26}.Ad-Hoc|x86.Build.0 = Release|Any CPU
		{F9EC8B21-6A95-4334-B6E4-6B7FACF4CA26}.AppStore|Any CPU.ActiveCfg = Release|Any CPU
		{F9EC8B21-6A95-4334-B6E4-6B7FACF4CA26}.AppStore|Any CPU.Build.0 = Release|Any CPU
		{F9EC8B21-6A95-4334-B6E4-6B7FACF4CA26}.AppStore|ARM.ActiveCfg = Release|Any CPU
		{F9EC8B21-6A95-4334-B6E4-6B7FACF4CA26}.AppStore|ARM.Build.0 = Release|Any CPU
		{F9EC8B21-6A95-4334-B6E4-6B7FACF4CA26}.AppStore|iPhone.ActiveCfg = Release|Any CPU
		{F9EC8B21-6A95-4334-B6E4-6B7FACF4CA26}.AppStore|iPhone.Build.0 = Release|Any CPU
		{F9EC8B21-6A95-4334-B6E4-6B7FACF4CA26}.AppStore|iPhoneSimulator.ActiveCfg = Release|Any CPU
		{F9EC8B21-6A95-4334-B6E4-6B7FACF4CA26}.AppStore|iPhoneSimulator.Build.0 = Release|Any CPU
		{F9EC8B21-6A95-4334-B6E4-6B7FACF4CA26}.AppStore|x64.ActiveCfg = Release|Any CPU
		{F9EC8B21-6A95-4334-B6E4-6B7FACF4CA26}.AppStore|x64.Build.0 = Release|Any CPU
		{F9EC8B21-6A95-4334-B6E4-6B7FACF4CA26}.AppStore|x86.ActiveCfg = Release|Any CPU
		{F9EC8B21-6A95-4334-B6E4-6B7FACF4CA26}.AppStore|x86.Build.0 = Release|Any CPU
		{F9EC8B21-6A95-4334-B6E4-6B7FACF4CA26}.Debug|Any CPU.ActiveCfg = Debug|Any CPU
		{F9EC8B21-6A95-4334-B6E4-6B7FACF4CA26}.Debug|Any CPU.Build.0 = Debug|Any CPU
		{F9EC8B21-6A95-4334-B6E4-6B7FACF4CA26}.Debug|Any CPU.Deploy.0 = Debug|Any CPU
		{F9EC8B21-6A95-4334-B6E4-6B7FACF4CA26}.Debug|ARM.ActiveCfg = Debug|Any CPU
		{F9EC8B21-6A95-4334-B6E4-6B7FACF4CA26}.Debug|ARM.Build.0 = Debug|Any CPU
		{F9EC8B21-6A95-4334-B6E4-6B7FACF4CA26}.Debug|iPhone.ActiveCfg = Debug|Any CPU
		{F9EC8B21-6A95-4334-B6E4-6B7FACF4CA26}.Debug|iPhone.Build.0 = Debug|Any CPU
		{F9EC8B21-6A95-4334-B6E4-6B7FACF4CA26}.Debug|iPhoneSimulator.ActiveCfg = Debug|Any CPU
		{F9EC8B21-6A95-4334-B6E4-6B7FACF4CA26}.Debug|iPhoneSimulator.Build.0 = Debug|Any CPU
		{F9EC8B21-6A95-4334-B6E4-6B7FACF4CA26}.Debug|x64.ActiveCfg = Debug|Any CPU
		{F9EC8B21-6A95-4334-B6E4-6B7FACF4CA26}.Debug|x64.Build.0 = Debug|Any CPU
		{F9EC8B21-6A95-4334-B6E4-6B7FACF4CA26}.Debug|x86.ActiveCfg = Debug|Any CPU
		{F9EC8B21-6A95-4334-B6E4-6B7FACF4CA26}.Debug|x86.Build.0 = Debug|Any CPU
		{F9EC8B21-6A95-4334-B6E4-6B7FACF4CA26}.Release|Any CPU.ActiveCfg = Release|Any CPU
		{F9EC8B21-6A95-4334-B6E4-6B7FACF4CA26}.Release|Any CPU.Build.0 = Release|Any CPU
		{F9EC8B21-6A95-4334-B6E4-6B7FACF4CA26}.Release|ARM.ActiveCfg = Release|Any CPU
		{F9EC8B21-6A95-4334-B6E4-6B7FACF4CA26}.Release|ARM.Build.0 = Release|Any CPU
		{F9EC8B21-6A95-4334-B6E4-6B7FACF4CA26}.Release|iPhone.ActiveCfg = Release|Any CPU
		{F9EC8B21-6A95-4334-B6E4-6B7FACF4CA26}.Release|iPhone.Build.0 = Release|Any CPU
		{F9EC8B21-6A95-4334-B6E4-6B7FACF4CA26}.Release|iPhoneSimulator.ActiveCfg = Release|Any CPU
		{F9EC8B21-6A95-4334-B6E4-6B7FACF4CA26}.Release|iPhoneSimulator.Build.0 = Release|Any CPU
		{F9EC8B21-6A95-4334-B6E4-6B7FACF4CA26}.Release|x64.ActiveCfg = Release|Any CPU
		{F9EC8B21-6A95-4334-B6E4-6B7FACF4CA26}.Release|x64.Build.0 = Release|Any CPU
		{F9EC8B21-6A95-4334-B6E4-6B7FACF4CA26}.Release|x86.ActiveCfg = Release|Any CPU
		{F9EC8B21-6A95-4334-B6E4-6B7FACF4CA26}.Release|x86.Build.0 = Release|Any CPU
		{786C830F-07A1-408B-BD7F-6EE04809D6DB}.Ad-Hoc|Any CPU.ActiveCfg = Release|Any CPU
		{786C830F-07A1-408B-BD7F-6EE04809D6DB}.Ad-Hoc|Any CPU.Build.0 = Release|Any CPU
		{786C830F-07A1-408B-BD7F-6EE04809D6DB}.Ad-Hoc|ARM.ActiveCfg = Release|Any CPU
		{786C830F-07A1-408B-BD7F-6EE04809D6DB}.Ad-Hoc|ARM.Build.0 = Release|Any CPU
		{786C830F-07A1-408B-BD7F-6EE04809D6DB}.Ad-Hoc|iPhone.ActiveCfg = Release|Any CPU
		{786C830F-07A1-408B-BD7F-6EE04809D6DB}.Ad-Hoc|iPhone.Build.0 = Release|Any CPU
		{786C830F-07A1-408B-BD7F-6EE04809D6DB}.Ad-Hoc|iPhoneSimulator.ActiveCfg = Release|Any CPU
		{786C830F-07A1-408B-BD7F-6EE04809D6DB}.Ad-Hoc|iPhoneSimulator.Build.0 = Release|Any CPU
		{786C830F-07A1-408B-BD7F-6EE04809D6DB}.Ad-Hoc|x64.ActiveCfg = Release|Any CPU
		{786C830F-07A1-408B-BD7F-6EE04809D6DB}.Ad-Hoc|x64.Build.0 = Release|Any CPU
		{786C830F-07A1-408B-BD7F-6EE04809D6DB}.Ad-Hoc|x86.ActiveCfg = Release|Any CPU
		{786C830F-07A1-408B-BD7F-6EE04809D6DB}.Ad-Hoc|x86.Build.0 = Release|Any CPU
		{786C830F-07A1-408B-BD7F-6EE04809D6DB}.AppStore|Any CPU.ActiveCfg = Release|Any CPU
		{786C830F-07A1-408B-BD7F-6EE04809D6DB}.AppStore|Any CPU.Build.0 = Release|Any CPU
		{786C830F-07A1-408B-BD7F-6EE04809D6DB}.AppStore|ARM.ActiveCfg = Release|Any CPU
		{786C830F-07A1-408B-BD7F-6EE04809D6DB}.AppStore|ARM.Build.0 = Release|Any CPU
		{786C830F-07A1-408B-BD7F-6EE04809D6DB}.AppStore|iPhone.ActiveCfg = Release|Any CPU
		{786C830F-07A1-408B-BD7F-6EE04809D6DB}.AppStore|iPhone.Build.0 = Release|Any CPU
		{786C830F-07A1-408B-BD7F-6EE04809D6DB}.AppStore|iPhoneSimulator.ActiveCfg = Release|Any CPU
		{786C830F-07A1-408B-BD7F-6EE04809D6DB}.AppStore|iPhoneSimulator.Build.0 = Release|Any CPU
		{786C830F-07A1-408B-BD7F-6EE04809D6DB}.AppStore|x64.ActiveCfg = Release|Any CPU
		{786C830F-07A1-408B-BD7F-6EE04809D6DB}.AppStore|x64.Build.0 = Release|Any CPU
		{786C830F-07A1-408B-BD7F-6EE04809D6DB}.AppStore|x86.ActiveCfg = Release|Any CPU
		{786C830F-07A1-408B-BD7F-6EE04809D6DB}.AppStore|x86.Build.0 = Release|Any CPU
		{786C830F-07A1-408B-BD7F-6EE04809D6DB}.Debug|Any CPU.ActiveCfg = Debug|Any CPU
		{786C830F-07A1-408B-BD7F-6EE04809D6DB}.Debug|Any CPU.Build.0 = Debug|Any CPU
		{786C830F-07A1-408B-BD7F-6EE04809D6DB}.Debug|ARM.ActiveCfg = Debug|Any CPU
		{786C830F-07A1-408B-BD7F-6EE04809D6DB}.Debug|ARM.Build.0 = Debug|Any CPU
		{786C830F-07A1-408B-BD7F-6EE04809D6DB}.Debug|iPhone.ActiveCfg = Debug|Any CPU
		{786C830F-07A1-408B-BD7F-6EE04809D6DB}.Debug|iPhone.Build.0 = Debug|Any CPU
		{786C830F-07A1-408B-BD7F-6EE04809D6DB}.Debug|iPhoneSimulator.ActiveCfg = Debug|Any CPU
		{786C830F-07A1-408B-BD7F-6EE04809D6DB}.Debug|iPhoneSimulator.Build.0 = Debug|Any CPU
		{786C830F-07A1-408B-BD7F-6EE04809D6DB}.Debug|x64.ActiveCfg = Debug|Any CPU
		{786C830F-07A1-408B-BD7F-6EE04809D6DB}.Debug|x64.Build.0 = Debug|Any CPU
		{786C830F-07A1-408B-BD7F-6EE04809D6DB}.Debug|x86.ActiveCfg = Debug|Any CPU
		{786C830F-07A1-408B-BD7F-6EE04809D6DB}.Debug|x86.Build.0 = Debug|Any CPU
		{786C830F-07A1-408B-BD7F-6EE04809D6DB}.Release|Any CPU.ActiveCfg = Release|Any CPU
		{786C830F-07A1-408B-BD7F-6EE04809D6DB}.Release|Any CPU.Build.0 = Release|Any CPU
		{786C830F-07A1-408B-BD7F-6EE04809D6DB}.Release|ARM.ActiveCfg = Release|Any CPU
		{786C830F-07A1-408B-BD7F-6EE04809D6DB}.Release|ARM.Build.0 = Release|Any CPU
		{786C830F-07A1-408B-BD7F-6EE04809D6DB}.Release|iPhone.ActiveCfg = Release|Any CPU
		{786C830F-07A1-408B-BD7F-6EE04809D6DB}.Release|iPhone.Build.0 = Release|Any CPU
		{786C830F-07A1-408B-BD7F-6EE04809D6DB}.Release|iPhoneSimulator.ActiveCfg = Release|Any CPU
		{786C830F-07A1-408B-BD7F-6EE04809D6DB}.Release|iPhoneSimulator.Build.0 = Release|Any CPU
		{786C830F-07A1-408B-BD7F-6EE04809D6DB}.Release|x64.ActiveCfg = Release|Any CPU
		{786C830F-07A1-408B-BD7F-6EE04809D6DB}.Release|x64.Build.0 = Release|Any CPU
		{786C830F-07A1-408B-BD7F-6EE04809D6DB}.Release|x86.ActiveCfg = Release|Any CPU
		{786C830F-07A1-408B-BD7F-6EE04809D6DB}.Release|x86.Build.0 = Release|Any CPU
	EndGlobalSection
	GlobalSection(SolutionProperties) = preSolution
		HideSolutionNode = FALSE
	EndGlobalSection
	GlobalSection(NestedProjects) = preSolution
		{A8AFAF47-3E89-4420-A8F4-08EC7E18E9AD} = {7729FB74-C9F2-4024-8AEC-36B004D4B8EE}
		{299A6589-8F86-4B5F-9C4D-3E8909DD368B} = {7729FB74-C9F2-4024-8AEC-36B004D4B8EE}
		{9A3226E8-667C-4277-8C8E-DE5C5474C055} = {7729FB74-C9F2-4024-8AEC-36B004D4B8EE}
		{B0B6B5C5-C39F-4048-821E-9C9B40784969} = {7729FB74-C9F2-4024-8AEC-36B004D4B8EE}
		{CB374C7F-B0C5-4A7E-98F7-79854B2F1696} = {7729FB74-C9F2-4024-8AEC-36B004D4B8EE}
		{56427965-1412-4BBD-AF62-401001768CAA} = {5A401D46-9979-4A19-B661-4708121DB130}
		{A0B5E412-6017-435A-B81B-EE94F5F5DFA7} = {5A401D46-9979-4A19-B661-4708121DB130}
		{E56A591B-CEDF-4601-A7CF-78CECA081122} = {5A401D46-9979-4A19-B661-4708121DB130}
		{E363D83A-B516-4D9E-AF2E-4E51B3C22CAC} = {5A401D46-9979-4A19-B661-4708121DB130}
		{F9EC8B21-6A95-4334-B6E4-6B7FACF4CA26} = {B990DD97-9583-49B0-B8DF-77DAF203A46A}
		{786C830F-07A1-408B-BD7F-6EE04809D6DB} = {B990DD97-9583-49B0-B8DF-77DAF203A46A}
	EndGlobalSection
EndGlobal
